
Microsoft Visual Studio Solution File, Format Version 11.00
# Visual Studio 2010
Project("{FAE04EC0-301F-11D3-BF4B-00C04F79EFBC}") = "AmazonInsights.Monotouch", "AmazonInsights.Monotouch\AmazonInsights.Monotouch.csproj", "{752F6414-6385-425A-A377-BF19E31F8797}"
EndProject
Project("{FAE04EC0-301F-11D3-BF4B-00C04F79EFBC}") = "AmazonInsights.TestApp", "AmazonInsights.TestApp\AmazonInsights.TestApp.csproj", "{CEE7DDA2-F582-41A5-B24F-8E9E9113D762}"
EndProject
Global
	GlobalSection(SolutionConfigurationPlatforms) = preSolution
		Debug|Any CPU = Debug|Any CPU
		Release|Any CPU = Release|Any CPU
		Debug|iPhoneSimulator = Debug|iPhoneSimulator
		Release|iPhoneSimulator = Release|iPhoneSimulator
		Debug|iPhone = Debug|iPhone
		Release|iPhone = Release|iPhone
		Ad-Hoc|iPhone = Ad-Hoc|iPhone
		AppStore|iPhone = AppStore|iPhone
	EndGlobalSection
	GlobalSection(ProjectConfigurationPlatforms) = postSolution
		{752F6414-6385-425A-A377-BF19E31F8797}.Ad-Hoc|iPhone.ActiveCfg = Debug|Any CPU
		{752F6414-6385-425A-A377-BF19E31F8797}.Ad-Hoc|iPhone.Build.0 = Debug|Any CPU
		{752F6414-6385-425A-A377-BF19E31F8797}.AppStore|iPhone.ActiveCfg = Debug|Any CPU
		{752F6414-6385-425A-A377-BF19E31F8797}.AppStore|iPhone.Build.0 = Debug|Any CPU
		{752F6414-6385-425A-A377-BF19E31F8797}.Debug|Any CPU.ActiveCfg = Debug|Any CPU
		{752F6414-6385-425A-A377-BF19E31F8797}.Debug|Any CPU.Build.0 = Debug|Any CPU
		{752F6414-6385-425A-A377-BF19E31F8797}.Debug|iPhone.ActiveCfg = Debug|Any CPU
		{752F6414-6385-425A-A377-BF19E31F8797}.Debug|iPhone.Build.0 = Debug|Any CPU
		{752F6414-6385-425A-A377-BF19E31F8797}.Debug|iPhoneSimulator.ActiveCfg = Debug|Any CPU
		{752F6414-6385-425A-A377-BF19E31F8797}.Debug|iPhoneSimulator.Build.0 = Debug|Any CPU
		{752F6414-6385-425A-A377-BF19E31F8797}.Release|Any CPU.ActiveCfg = Release|Any CPU
		{752F6414-6385-425A-A377-BF19E31F8797}.Release|Any CPU.Build.0 = Release|Any CPU
		{752F6414-6385-425A-A377-BF19E31F8797}.Release|iPhone.ActiveCfg = Release|Any CPU
		{752F6414-6385-425A-A377-BF19E31F8797}.Release|iPhone.Build.0 = Release|Any CPU
		{752F6414-6385-425A-A377-BF19E31F8797}.Release|iPhoneSimulator.ActiveCfg = Release|Any CPU
		{752F6414-6385-425A-A377-BF19E31F8797}.Release|iPhoneSimulator.Build.0 = Release|Any CPU
		{CEE7DDA2-F582-41A5-B24F-8E9E9113D762}.Ad-Hoc|iPhone.ActiveCfg = Ad-Hoc|iPhone
		{CEE7DDA2-F582-41A5-B24F-8E9E9113D762}.Ad-Hoc|iPhone.Build.0 = Ad-Hoc|iPhone
		{CEE7DDA2-F582-41A5-B24F-8E9E9113D762}.AppStore|iPhone.ActiveCfg = AppStore|iPhone
		{CEE7DDA2-F582-41A5-B24F-8E9E9113D762}.AppStore|iPhone.Build.0 = AppStore|iPhone
		{CEE7DDA2-F582-41A5-B24F-8E9E9113D762}.Debug|Any CPU.ActiveCfg = Debug|iPhoneSimulator
		{CEE7DDA2-F582-41A5-B24F-8E9E9113D762}.Debug|Any CPU.Build.0 = Debug|iPhoneSimulator
		{CEE7DDA2-F582-41A5-B24F-8E9E9113D762}.Debug|iPhone.ActiveCfg = Debug|iPhone
		{CEE7DDA2-F582-41A5-B24F-8E9E9113D762}.Debug|iPhone.Build.0 = Debug|iPhone
		{CEE7DDA2-F582-41A5-B24F-8E9E9113D762}.Debug|iPhoneSimulator.ActiveCfg = Debug|iPhoneSimulator
		{CEE7DDA2-F582-41A5-B24F-8E9E9113D762}.Debug|iPhoneSimulator.Build.0 = Debug|iPhoneSimulator
		{CEE7DDA2-F582-41A5-B24F-8E9E9113D762}.Release|Any CPU.ActiveCfg = Release|iPhoneSimulator
		{CEE7DDA2-F582-41A5-B24F-8E9E9113D762}.Release|Any CPU.Build.0 = Release|iPhoneSimulator
		{CEE7DDA2-F582-41A5-B24F-8E9E9113D762}.Release|iPhone.ActiveCfg = Release|iPhone
		{CEE7DDA2-F582-41A5-B24F-8E9E9113D762}.Release|iPhone.Build.0 = Release|iPhone
		{CEE7DDA2-F582-41A5-B24F-8E9E9113D762}.Release|iPhoneSimulator.ActiveCfg = Release|iPhoneSimulator
		{CEE7DDA2-F582-41A5-B24F-8E9E9113D762}.Release|iPhoneSimulator.Build.0 = Release|iPhoneSimulator
	EndGlobalSection
	GlobalSection(MonoDevelopProperties) = preSolution
		StartupItem = AmazonInsights.TestApp\AmazonInsights.TestApp.csproj
	EndGlobalSection
EndGlobal
